{
  "lockfileVersion": 1,
  "configVersion": 0,
  "workspaces": {
    "": {
      "name": "nexora-ai-template",
      "dependencies": {
        "@hookform/resolvers": "^3.10.0",
        "@radix-ui/react-accordion": "^1.2.4",
        "@radix-ui/react-alert-dialog": "^1.1.7",
        "@radix-ui/react-aspect-ratio": "^1.1.3",
        "@radix-ui/react-avatar": "^1.1.4",
        "@radix-ui/react-checkbox": "^1.1.5",
        "@radix-ui/react-collapsible": "^1.1.4",
        "@radix-ui/react-context-menu": "^2.2.7",
        "@radix-ui/react-dialog": "^1.1.7",
        "@radix-ui/react-dropdown-menu": "^2.1.7",
        "@radix-ui/react-hover-card": "^1.1.7",
        "@radix-ui/react-label": "^2.1.3",
        "@radix-ui/react-menubar": "^1.1.7",
        "@radix-ui/react-navigation-menu": "^1.2.6",
        "@radix-ui/react-popover": "^1.1.7",
        "@radix-ui/react-progress": "^1.1.3",
        "@radix-ui/react-radio-group": "^1.2.4",
        "@radix-ui/react-scroll-area": "^1.2.4",
        "@radix-ui/react-select": "^2.1.7",
        "@radix-ui/react-separator": "^1.1.3",
        "@radix-ui/react-slider": "^1.2.4",
        "@radix-ui/react-slot": "^1.2.0",
        "@radix-ui/react-switch": "^1.1.4",
        "@radix-ui/react-tabs": "^1.1.4",
        "@radix-ui/react-toast": "^1.2.7",
        "@radix-ui/react-toggle": "^1.1.3",
        "@radix-ui/react-toggle-group": "^1.1.3",
        "@radix-ui/react-tooltip": "^1.2.0",
        "@tanstack/react-query": "^5.90.21",
        "class-variance-authority": "^0.7.1",
        "clsx": "^2.1.1",
        "cmdk": "^1.1.1",
        "date-fns": "^3.6.0",
        "embla-carousel-react": "^8.6.0",
        "framer-motion": "^12.23.24",
        "input-otp": "^1.4.2",
        "lucide-react": "^0.545.0",
        "next-themes": "^0.4.6",
        "react": "^19.1.0",
        "react-day-picker": "^9.11.1",
        "react-dom": "^19.1.0",
        "react-hook-form": "^7.55.0",
        "react-icons": "^5.4.0",
        "react-resizable-panels": "^2.1.7",
        "recharts": "^2.15.2",
        "sonner": "^2.0.7",
        "tailwind-merge": "^3.3.1",
        "tw-animate-css": "^1.4.0",
        "vaul": "^1.1.2",
        "wouter": "^3.3.5",
        "zod": "^3.25.76",
      },
      "devDependencies": {
        "@tailwindcss/typography": "^0.5.15",
        "@tailwindcss/vite": "^4.1.14",
        "@types/node": "^22.0.0",
        "@types/react": "^19.2.0",
        "@types/react-dom": "^19.2.0",
        "@vitejs/plugin-react": "^5.0.4",
        "rollup": "^4.62.0",
        "tailwindcss": "^4.1.14",
        "typescript": "^5.7.0",
        "vite": "^7.3.2",
      },
      "optionalDependencies": {
        "@rollup/rollup-darwin-arm64": "4.60.3",
        "@rollup/rollup-darwin-x64": "4.60.3",
        "@rollup/rollup-linux-arm64-gnu": "4.60.3",
        "@rollup/rollup-linux-x64-gnu": "4.60.3",
        "@rollup/rollup-linux-x64-musl": "4.60.3",
        "@rollup/rollup-win32-x64-msvc": "4.60.3",
      },
    },
  },
  "packages": {
    "@hookform/resolvers": ["@hookform/resolvers@3.10.0", "https://europe-west4-npm.pkg.dev/lovable-core-prod/sandbox-npm-cache/@hookform/resolvers/-/resolvers-3.10.0.tgz", { "peerDependencies": { "react-hook-form": "^7.0.0" } }, ""],

    "@radix-ui/react-accordion": ["@radix-ui/react-accordion@1.2.13", "https://europe-west4-npm.pkg.dev/lovable-core-prod/sandbox-npm-cache/@radix-ui/react-accordion/-/react-accordion-1.2.13.tgz", { "dependencies": { "@radix-ui/react-collapsible": "1.1.13" }, "peerDependencies": { "@types/react": "*", "@types/react-dom": "*", "react": "^16.8 || ^17.0 || ^18.0 || ^19.0 || ^19.0.0-rc", "react-dom": "^16.8 || ^17.0 || ^18.0 || ^19.0 || ^19.0.0-rc" } }, ""],

    "@radix-ui/react-alert-dialog": ["@radix-ui/react-alert-dialog@1.1.16", "https://europe-west4-npm.pkg.dev/lovable-core-prod/sandbox-npm-cache/@radix-ui/react-alert-dialog/-/react-alert-dialog-1.1.16.tgz", { "dependencies": { "@radix-ui/react-dialog": "1.1.16", "@radix-ui/react-slot": "1.2.5" }, "peerDependencies": { "@types/react": "*", "@types/react-dom": "*", "react": "^16.8 || ^17.0 || ^18.0 || ^19.0 || ^19.0.0-rc", "react-dom": "^16.8 || ^17.0 || ^18.0 || ^19.0 || ^19.0.0-rc" } }, ""],

    "@radix-ui/react-aspect-ratio": ["@radix-ui/react-aspect-ratio@1.1.9", "https://europe-west4-npm.pkg.dev/lovable-core-prod/sandbox-npm-cache/@radix-ui/react-aspect-ratio/-/react-aspect-ratio-1.1.9.tgz", { "peerDependencies": { "@types/react": "*", "@types/react-dom": "*", "react": "^16.8 || ^17.0 || ^18.0 || ^19.0 || ^19.0.0-rc", "react-dom": "^16.8 || ^17.0 || ^18.0 || ^19.0 || ^19.0.0-rc" } }, ""],

    "@radix-ui/react-avatar": ["@radix-ui/react-avatar@1.1.12", "https://europe-west4-npm.pkg.dev/lovable-core-prod/sandbox-npm-cache/@radix-ui/react-avatar/-/react-avatar-1.1.12.tgz", { "peerDependencies": { "@types/react": "*", "@types/react-dom": "*", "react": "^16.8 || ^17.0 || ^18.0 || ^19.0 || ^19.0.0-rc", "react-dom": "^16.8 || ^17.0 || ^18.0 || ^19.0 || ^19.0.0-rc" } }, ""],

    "@radix-ui/react-checkbox": ["@radix-ui/react-checkbox@1.3.4", "https://europe-west4-npm.pkg.dev/lovable-core-prod/sandbox-npm-cache/@radix-ui/react-checkbox/-/react-checkbox-1.3.4.tgz", { "peerDependencies": { "@types/react": "*", "@types/react-dom": "*", "react": "^16.8 || ^17.0 || ^18.0 || ^19.0 || ^19.0.0-rc", "react-dom": "^16.8 || ^17.0 || ^18.0 || ^19.0 || ^19.0.0-rc" } }, ""],

    "@radix-ui/react-collapsible": ["@radix-ui/react-collapsible@1.1.13", "https://europe-west4-npm.pkg.dev/lovable-core-prod/sandbox-npm-cache/@radix-ui/react-collapsible/-/react-collapsible-1.1.13.tgz", { "peerDependencies": { "@types/react": "*", "@types/react-dom": "*", "react": "^16.8 || ^17.0 || ^18.0 || ^19.0 || ^19.0.0-rc", "react-dom": "^16.8 || ^17.0 || ^18.0 || ^19.0 || ^19.0.0-rc" } }, ""],

    "@radix-ui/react-context-menu": ["@radix-ui/react-context-menu@2.3.0", "https://europe-west4-npm.pkg.dev/lovable-core-prod/sandbox-npm-cache/@radix-ui/react-context-menu/-/react-context-menu-2.3.0.tgz", { "peerDependencies": { "@types/react": "*", "@types/react-dom": "*", "react": "^16.8 || ^17.0 || ^18.0 || ^19.0 || ^19.0.0-rc", "react-dom": "^16.8 || ^17.0 || ^18.0 || ^19.0 || ^19.0.0-rc" } }, ""],

    "@radix-ui/react-dialog": ["@radix-ui/react-dialog@1.1.16", "https://europe-west4-npm.pkg.dev/lovable-core-prod/sandbox-npm-cache/@radix-ui/react-dialog/-/react-dialog-1.1.16.tgz", { "dependencies": { "@radix-ui/react-slot": "1.2.5" }, "peerDependencies": { "@types/react": "*", "@types/react-dom": "*", "react": "^16.8 || ^17.0 || ^18.0 || ^19.0 || ^19.0.0-rc", "react-dom": "^16.8 || ^17.0 || ^18.0 || ^19.0 || ^19.0.0-rc" } }, ""],

    "@radix-ui/react-dropdown-menu": ["@radix-ui/react-dropdown-menu@2.1.17", "https://europe-west4-npm.pkg.dev/lovable-core-prod/sandbox-npm-cache/@radix-ui/react-dropdown-menu/-/react-dropdown-menu-2.1.17.tgz", { "peerDependencies": { "@types/react": "*", "@types/react-dom": "*", "react": "^16.8 || ^17.0 || ^18.0 || ^19.0 || ^19.0.0-rc", "react-dom": "^16.8 || ^17.0 || ^18.0 || ^19.0 || ^19.0.0-rc" } }, ""],

    "@radix-ui/react-hover-card": ["@radix-ui/react-hover-card@1.1.16", "https://europe-west4-npm.pkg.dev/lovable-core-prod/sandbox-npm-cache/@radix-ui/react-hover-card/-/react-hover-card-1.1.16.tgz", { "peerDependencies": { "@types/react": "*", "@types/react-dom": "*", "react": "^16.8 || ^17.0 || ^18.0 || ^19.0 || ^19.0.0-rc", "react-dom": "^16.8 || ^17.0 || ^18.0 || ^19.0 || ^19.0.0-rc" } }, ""],

    "@radix-ui/react-label": ["@radix-ui/react-label@2.1.9", "https://europe-west4-npm.pkg.dev/lovable-core-prod/sandbox-npm-cache/@radix-ui/react-label/-/react-label-2.1.9.tgz", { "peerDependencies": { "@types/react": "*", "@types/react-dom": "*", "react": "^16.8 || ^17.0 || ^18.0 || ^19.0 || ^19.0.0-rc", "react-dom": "^16.8 || ^17.0 || ^18.0 || ^19.0 || ^19.0.0-rc" } }, ""],

    "@radix-ui/react-menubar": ["@radix-ui/react-menubar@1.1.17", "https://europe-west4-npm.pkg.dev/lovable-core-prod/sandbox-npm-cache/@radix-ui/react-menubar/-/react-menubar-1.1.17.tgz", { "peerDependencies": { "@types/react": "*", "@types/react-dom": "*", "react": "^16.8 || ^17.0 || ^18.0 || ^19.0 || ^19.0.0-rc", "react-dom": "^16.8 || ^17.0 || ^18.0 || ^19.0 || ^19.0.0-rc" } }, ""],

    "@radix-ui/react-navigation-menu": ["@radix-ui/react-navigation-menu@1.2.15", "https://europe-west4-npm.pkg.dev/lovable-core-prod/sandbox-npm-cache/@radix-ui/react-navigation-menu/-/react-navigation-menu-1.2.15.tgz", { "peerDependencies": { "@types/react": "*", "@types/react-dom": "*", "react": "^16.8 || ^17.0 || ^18.0 || ^19.0 || ^19.0.0-rc", "react-dom": "^16.8 || ^17.0 || ^18.0 || ^19.0 || ^19.0.0-rc" } }, ""],

    "@radix-ui/react-popover": ["@radix-ui/react-popover@1.1.16", "https://europe-west4-npm.pkg.dev/lovable-core-prod/sandbox-npm-cache/@radix-ui/react-popover/-/react-popover-1.1.16.tgz", { "dependencies": { "@radix-ui/react-slot": "1.2.5" }, "peerDependencies": { "@types/react": "*", "@types/react-dom": "*", "react": "^16.8 || ^17.0 || ^18.0 || ^19.0 || ^19.0.0-rc", "react-dom": "^16.8 || ^17.0 || ^18.0 || ^19.0 || ^19.0.0-rc" } }, ""],

    "@radix-ui/react-progress": ["@radix-ui/react-progress@1.1.9", "https://europe-west4-npm.pkg.dev/lovable-core-prod/sandbox-npm-cache/@radix-ui/react-progress/-/react-progress-1.1.9.tgz", { "peerDependencies": { "@types/react": "*", "@types/react-dom": "*", "react": "^16.8 || ^17.0 || ^18.0 || ^19.0 || ^19.0.0-rc", "react-dom": "^16.8 || ^17.0 || ^18.0 || ^19.0 || ^19.0.0-rc" } }, ""],

    "@radix-ui/react-radio-group": ["@radix-ui/react-radio-group@1.4.0", "https://europe-west4-npm.pkg.dev/lovable-core-prod/sandbox-npm-cache/@radix-ui/react-radio-group/-/react-radio-group-1.4.0.tgz", { "peerDependencies": { "@types/react": "*", "@types/react-dom": "*", "react": "^16.8 || ^17.0 || ^18.0 || ^19.0 || ^19.0.0-rc", "react-dom": "^16.8 || ^17.0 || ^18.0 || ^19.0 || ^19.0.0-rc" } }, ""],

    "@radix-ui/react-scroll-area": ["@radix-ui/react-scroll-area@1.2.11", "https://europe-west4-npm.pkg.dev/lovable-core-prod/sandbox-npm-cache/@radix-ui/react-scroll-area/-/react-scroll-area-1.2.11.tgz", { "peerDependencies": { "@types/react": "*", "@types/react-dom": "*", "react": "^16.8 || ^17.0 || ^18.0 || ^19.0 || ^19.0.0-rc", "react-dom": "^16.8 || ^17.0 || ^18.0 || ^19.0 || ^19.0.0-rc" } }, ""],

    "@radix-ui/react-select": ["@radix-ui/react-select@2.3.0", "https://europe-west4-npm.pkg.dev/lovable-core-prod/sandbox-npm-cache/@radix-ui/react-select/-/react-select-2.3.0.tgz", { "dependencies": { "@radix-ui/react-slot": "1.2.5" }, "peerDependencies": { "@types/react": "*", "@types/react-dom": "*", "react": "^16.8 || ^17.0 || ^18.0 || ^19.0 || ^19.0.0-rc", "react-dom": "^16.8 || ^17.0 || ^18.0 || ^19.0 || ^19.0.0-rc" } }, ""],

    "@radix-ui/react-separator": ["@radix-ui/react-separator@1.1.9", "https://europe-west4-npm.pkg.dev/lovable-core-prod/sandbox-npm-cache/@radix-ui/react-separator/-/react-separator-1.1.9.tgz", { "peerDependencies": { "@types/react": "*", "@types/react-dom": "*", "react": "^16.8 || ^17.0 || ^18.0 || ^19.0 || ^19.0.0-rc", "react-dom": "^16.8 || ^17.0 || ^18.0 || ^19.0 || ^19.0.0-rc" } }, ""],

    "@radix-ui/react-slider": ["@radix-ui/react-slider@1.4.0", "https://europe-west4-npm.pkg.dev/lovable-core-prod/sandbox-npm-cache/@radix-ui/react-slider/-/react-slider-1.4.0.tgz", { "peerDependencies": { "@types/react": "*", "@types/react-dom": "*", "react": "^16.8 || ^17.0 || ^18.0 || ^19.0 || ^19.0.0-rc", "react-dom": "^16.8 || ^17.0 || ^18.0 || ^19.0 || ^19.0.0-rc" } }, ""],

    "@radix-ui/react-slot": ["@radix-ui/react-slot@1.2.5", "https://europe-west4-npm.pkg.dev/lovable-core-prod/sandbox-npm-cache/@radix-ui/react-slot/-/react-slot-1.2.5.tgz", { "peerDependencies": { "@types/react": "*", "react": "^16.8 || ^17.0 || ^18.0 || ^19.0 || ^19.0.0-rc" } }, ""],

    "@radix-ui/react-switch": ["@radix-ui/react-switch@1.3.0", "https://europe-west4-npm.pkg.dev/lovable-core-prod/sandbox-npm-cache/@radix-ui/react-switch/-/react-switch-1.3.0.tgz", { "peerDependencies": { "@types/react": "*", "@types/react-dom": "*", "react": "^16.8 || ^17.0 || ^18.0 || ^19.0 || ^19.0.0-rc", "react-dom": "^16.8 || ^17.0 || ^18.0 || ^19.0 || ^19.0.0-rc" } }, ""],

    "@radix-ui/react-tabs": ["@radix-ui/react-tabs@1.1.14", "https://europe-west4-npm.pkg.dev/lovable-core-prod/sandbox-npm-cache/@radix-ui/react-tabs/-/react-tabs-1.1.14.tgz", { "peerDependencies": { "@types/react": "*", "@types/react-dom": "*", "react": "^16.8 || ^17.0 || ^18.0 || ^19.0 || ^19.0.0-rc", "react-dom": "^16.8 || ^17.0 || ^18.0 || ^19.0 || ^19.0.0-rc" } }, ""],

    "@radix-ui/react-toast": ["@radix-ui/react-toast@1.2.16", "https://europe-west4-npm.pkg.dev/lovable-core-prod/sandbox-npm-cache/@radix-ui/react-toast/-/react-toast-1.2.16.tgz", { "peerDependencies": { "@types/react": "*", "@types/react-dom": "*", "react": "^16.8 || ^17.0 || ^18.0 || ^19.0 || ^19.0.0-rc", "react-dom": "^16.8 || ^17.0 || ^18.0 || ^19.0 || ^19.0.0-rc" } }, ""],

    "@radix-ui/react-toggle": ["@radix-ui/react-toggle@1.1.11", "https://europe-west4-npm.pkg.dev/lovable-core-prod/sandbox-npm-cache/@radix-ui/react-toggle/-/react-toggle-1.1.11.tgz", { "peerDependencies": { "@types/react": "*", "@types/react-dom": "*", "react": "^16.8 || ^17.0 || ^18.0 || ^19.0 || ^19.0.0-rc", "react-dom": "^16.8 || ^17.0 || ^18.0 || ^19.0 || ^19.0.0-rc" } }, ""],

    "@radix-ui/react-toggle-group": ["@radix-ui/react-toggle-group@1.1.12", "https://europe-west4-npm.pkg.dev/lovable-core-prod/sandbox-npm-cache/@radix-ui/react-toggle-group/-/react-toggle-group-1.1.12.tgz", { "dependencies": { "@radix-ui/react-toggle": "1.1.11" }, "peerDependencies": { "@types/react": "*", "@types/react-dom": "*", "react": "^16.8 || ^17.0 || ^18.0 || ^19.0 || ^19.0.0-rc", "react-dom": "^16.8 || ^17.0 || ^18.0 || ^19.0 || ^19.0.0-rc" } }, ""],

    "@radix-ui/react-tooltip": ["@radix-ui/react-tooltip@1.2.9", "https://europe-west4-npm.pkg.dev/lovable-core-prod/sandbox-npm-cache/@radix-ui/react-tooltip/-/react-tooltip-1.2.9.tgz", { "dependencies": { "@radix-ui/react-slot": "1.2.5" }, "peerDependencies": { "@types/react": "*", "@types/react-dom": "*", "react": "^16.8 || ^17.0 || ^18.0 || ^19.0 || ^19.0.0-rc", "react-dom": "^16.8 || ^17.0 || ^18.0 || ^19.0 || ^19.0.0-rc" } }, ""],

    "@rollup/rollup-android-arm-eabi": ["@rollup/rollup-android-arm-eabi@4.62.0", "https://europe-west4-npm.pkg.dev/lovable-core-prod/sandbox-npm-cache/@rollup/rollup-android-arm-eabi/-/rollup-android-arm-eabi-4.62.0.tgz", { "os": "android", "cpu": "arm" }, "sha512-IPIQ55ythEHkfEd9jMEi32OQ7SxURsGA43JI22lj01OLZNt2NUbJX8YUHxkVWyQ6daHPNn0truF5nSj3DQp6YQ=="],

    "@rollup/rollup-android-arm64": ["@rollup/rollup-android-arm64@4.62.0", "https://europe-west4-npm.pkg.dev/lovable-core-prod/sandbox-npm-cache/@rollup/rollup-android-arm64/-/rollup-android-arm64-4.62.0.tgz", { "os": "android", "cpu": "arm64" }, "sha512-M6s9cr10MibETyo8JsOkq+Lo1+lU6hcvb1MApnUql5qte/5hMEgzlN8/ReIKNfRV8rrqX50W1BX9zoUhC192RA=="],

    "@rollup/rollup-darwin-arm64": ["@rollup/rollup-darwin-arm64@4.60.3", "https://europe-west4-npm.pkg.dev/lovable-core-prod/sandbox-npm-cache/@rollup/rollup-darwin-arm64/-/rollup-darwin-arm64-4.60.3.tgz", { "os": "darwin", "cpu": "arm64" }, "sha512-vo6Y5Qfpx7/5EaamIwi0WqW2+zfiusVihKatLvtN1VFVy3D13uERk/6gZLU1UiHRL6fDXqj/ELIeVRGnvcTE1g=="],

    "@rollup/rollup-darwin-x64": ["@rollup/rollup-darwin-x64@4.60.3", "https://europe-west4-npm.pkg.dev/lovable-core-prod/sandbox-npm-cache/@rollup/rollup-darwin-x64/-/rollup-darwin-x64-4.60.3.tgz", { "os": "darwin", "cpu": "x64" }, "sha512-D+0QGcZhBzTN82weOnsSlY7V7+RMmPuF1CkbxyMAGE8+ZHeUjyb76ZiWmBlCu//AQQONvxcqRbwZTajZKqjuOw=="],

    "@rollup/rollup-freebsd-arm64": ["@rollup/rollup-freebsd-arm64@4.62.0", "https://europe-west4-npm.pkg.dev/lovable-core-prod/sandbox-npm-cache/@rollup/rollup-freebsd-arm64/-/rollup-freebsd-arm64-4.62.0.tgz", { "os": "freebsd", "cpu": "arm64" }, "sha512-ezjfSQMP7ArdUsbBwbQIfwAlhE84I2iVnzQNCFSveqV42q+BmKlzVpf7mxv5EchLcoWU4y6/heFzVg1F+hodUQ=="],

    "@rollup/rollup-freebsd-x64": ["@rollup/rollup-freebsd-x64@4.62.0", "https://europe-west4-npm.pkg.dev/lovable-core-prod/sandbox-npm-cache/@rollup/rollup-freebsd-x64/-/rollup-freebsd-x64-4.62.0.tgz", { "os": "freebsd", "cpu": "x64" }, "sha512-9+qTWGW9AZRhnUgwtTwzNwcPlL87ngkeN0LA+q1bADvmY9aNvWaF2TFW8BZgnQPYxpDI7+rMVLivcd4V737TAQ=="],

    "@rollup/rollup-linux-arm-gnueabihf": ["@rollup/rollup-linux-arm-gnueabihf@4.62.0", "https://europe-west4-npm.pkg.dev/lovable-core-prod/sandbox-npm-cache/@rollup/rollup-linux-arm-gnueabihf/-/rollup-linux-arm-gnueabihf-4.62.0.tgz", { "os": "linux", "cpu": "arm" }, "sha512-T1dMEQhXA/jkJ/jyMIw9IovK8bSUq7A8kLIlvZTb/6YIVsp2zLavr4F3oyllHWo7eIVJRyE5n3tUjQJEbE1IuQ=="],

    "@rollup/rollup-linux-arm-musleabihf": ["@rollup/rollup-linux-arm-musleabihf@4.62.0", "https://europe-west4-npm.pkg.dev/lovable-core-prod/sandbox-npm-cache/@rollup/rollup-linux-arm-musleabihf/-/rollup-linux-arm-musleabihf-4.62.0.tgz", { "os": "linux", "cpu": "arm" }, "sha512-2as0LgT7qQpyceQq6VUJYnumUMUrgGQCWIiDIN9DE0/tglsk6o66uCB4f3djRawAltvfCNLyZZrsqbPA6inCsA=="],

    "@rollup/rollup-linux-arm64-gnu": ["@rollup/rollup-linux-arm64-gnu@4.60.3", "https://europe-west4-npm.pkg.dev/lovable-core-prod/sandbox-npm-cache/@rollup/rollup-linux-arm64-gnu/-/rollup-linux-arm64-gnu-4.60.3.tgz", { "os": "linux", "cpu": "arm64" }, "sha512-Whjj2qoiJ6+OOJMGptTYazaJvjOJm+iKHpXQM1P3LzGjt7Ff++Tp7nH4N8J/BUA7R9IHfDyx4DJIflifwnbmIA=="],

    "@rollup/rollup-linux-arm64-musl": ["@rollup/rollup-linux-arm64-musl@4.62.0", "https://europe-west4-npm.pkg.dev/lovable-core-prod/sandbox-npm-cache/@rollup/rollup-linux-arm64-musl/-/rollup-linux-arm64-musl-4.62.0.tgz", { "os": "linux", "cpu": "arm64" }, "sha512-Ful8pM/2yYI83PViWdFdpZhdI8HJ5qsXANe5atypbHDf+KIBBDsZsbyy8hbXnULVvW9NsTh5DHwbcBftyLTfiw=="],

    "@rollup/rollup-linux-loong64-gnu": ["@rollup/rollup-linux-loong64-gnu@4.62.0", "https://europe-west4-npm.pkg.dev/lovable-core-prod/sandbox-npm-cache/@rollup/rollup-linux-loong64-gnu/-/rollup-linux-loong64-gnu-4.62.0.tgz", { "os": "linux", "cpu": "none" }, "sha512-9Gp/DgrkzfUBmNPVTyPTvay+4xEP7M/clXpj3efXBcm6uTIVIgDg4rqUpqKXvLEuFRVuEpSAOkhgNeecvaZ4Cg=="],

    "@rollup/rollup-linux-loong64-musl": ["@rollup/rollup-linux-loong64-musl@4.62.0", "https://europe-west4-npm.pkg.dev/lovable-core-prod/sandbox-npm-cache/@rollup/rollup-linux-loong64-musl/-/rollup-linux-loong64-musl-4.62.0.tgz", { "os": "linux", "cpu": "none" }, "sha512-m9tsJz54LUXkSYM8+8PG81B9IKK5r+2T0clMq4QrS16xFosufU7firBDAZEsDheDs7wTlP7h3++S7lMsU955HA=="],

    "@rollup/rollup-linux-ppc64-gnu": ["@rollup/rollup-linux-ppc64-gnu@4.62.0", "https://europe-west4-npm.pkg.dev/lovable-core-prod/sandbox-npm-cache/@rollup/rollup-linux-ppc64-gnu/-/rollup-linux-ppc64-gnu-4.62.0.tgz", { "os": "linux", "cpu": "ppc64" }, "sha512-3UvJ5PNVU16aJf6M3tFI24pWzAl2/ynfbyRN3ICyQajK1lSkrnVYNnLz3v04J32qKa0FczJc22zeToc0lr2A3w=="],

    "@rollup/rollup-linux-ppc64-musl": ["@rollup/rollup-linux-ppc64-musl@4.62.0", "https://europe-west4-npm.pkg.dev/lovable-core-prod/sandbox-npm-cache/@rollup/rollup-linux-ppc64-musl/-/rollup-linux-ppc64-musl-4.62.0.tgz", { "os": "linux", "cpu": "ppc64" }, "sha512-vRWUAbYLGHBZS6Q8Msb2sfnf1fvJf+47t8l/TwOerM2qArzy+IeNMTHrYLHXh95h8MoatPHI5hhSZNs+mGXKPg=="],

    "@rollup/rollup-linux-riscv64-gnu": ["@rollup/rollup-linux-riscv64-gnu@4.62.0", "https://europe-west4-npm.pkg.dev/lovable-core-prod/sandbox-npm-cache/@rollup/rollup-linux-riscv64-gnu/-/rollup-linux-riscv64-gnu-4.62.0.tgz", { "os": "linux", "cpu": "none" }, "sha512-c00T5SYENHAt86cfW47URaP3Us5vLC/4QO7GYud1G5VNRffCwwCuBspwqYrriuJB+5m0WFzClCn9wed0FBjKvg=="],

    "@rollup/rollup-linux-riscv64-musl": ["@rollup/rollup-linux-riscv64-musl@4.62.0", "https://europe-west4-npm.pkg.dev/lovable-core-prod/sandbox-npm-cache/@rollup/rollup-linux-riscv64-musl/-/rollup-linux-riscv64-musl-4.62.0.tgz", { "os": "linux", "cpu": "none" }, "sha512-krrCDilhXOwFkSkO3Wm9I/f9H0L92XHHwy2fwxjukxIbh0dem8gZqOW5Y8BsHrpJv5qwlRBV+Wl4ZFyRWhUpwg=="],

    "@rollup/rollup-linux-s390x-gnu": ["@rollup/rollup-linux-s390x-gnu@4.62.0", "https://europe-west4-npm.pkg.dev/lovable-core-prod/sandbox-npm-cache/@rollup/rollup-linux-s390x-gnu/-/rollup-linux-s390x-gnu-4.62.0.tgz", { "os": "linux", "cpu": "s390x" }, "sha512-7pfYFSTc4/rUC/FtAI0Qp6QthDBCIi6/AuP1xYqFk5vanI6KnL5dWKP60OM/05LOsbwTmIcvr6eXC4CJuJ75IA=="],

    "@rollup/rollup-linux-x64-gnu": ["@rollup/rollup-linux-x64-gnu@4.60.3", "https://europe-west4-npm.pkg.dev/lovable-core-prod/sandbox-npm-cache/@rollup/rollup-linux-x64-gnu/-/rollup-linux-x64-gnu-4.60.3.tgz", { "os": "linux", "cpu": "x64" }, ""],

    "@rollup/rollup-linux-x64-musl": ["@rollup/rollup-linux-x64-musl@4.60.3", "https://europe-west4-npm.pkg.dev/lovable-core-prod/sandbox-npm-cache/@rollup/rollup-linux-x64-musl/-/rollup-linux-x64-musl-4.60.3.tgz", { "os": "linux", "cpu": "x64" }, ""],

    "@rollup/rollup-openbsd-x64": ["@rollup/rollup-openbsd-x64@4.62.0", "https://europe-west4-npm.pkg.dev/lovable-core-prod/sandbox-npm-cache/@rollup/rollup-openbsd-x64/-/rollup-openbsd-x64-4.62.0.tgz", { "os": "openbsd", "cpu": "x64" }, "sha512-3oVS7FLGa4U1qcvao9ylGxrjXZyUQqR8UwxEcnUEyPX53O/C/mKDZegNXTdHCP+h3e6ta/f1EN38Yif1mmZHYg=="],

    "@rollup/rollup-openharmony-arm64": ["@rollup/rollup-openharmony-arm64@4.62.0", "https://europe-west4-npm.pkg.dev/lovable-core-prod/sandbox-npm-cache/@rollup/rollup-openharmony-arm64/-/rollup-openharmony-arm64-4.62.0.tgz", { "os": "none", "cpu": "arm64" }, "sha512-yTB9TgfWj5wHe5QgktAgXTLLot1gvEjl1NiPPAUiCs4oPrIWFl5V4nC3GrkNdj9LaAU4s94nVrGbGOCqUpyWsg=="],

    "@rollup/rollup-win32-arm64-msvc": ["@rollup/rollup-win32-arm64-msvc@4.62.0", "https://europe-west4-npm.pkg.dev/lovable-core-prod/sandbox-npm-cache/@rollup/rollup-win32-arm64-msvc/-/rollup-win32-arm64-msvc-4.62.0.tgz", { "os": "win32", "cpu": "arm64" }, "sha512-5LOhoaesY3doG1c+ac/2JtgREpKoJr5bUHH8tKY0V8di7+uSV6BwLs2PlR0/yzefGOkR+wE7ZolZphHCsyG5Rw=="],

    "@rollup/rollup-win32-ia32-msvc": ["@rollup/rollup-win32-ia32-msvc@4.62.0", "https://europe-west4-npm.pkg.dev/lovable-core-prod/sandbox-npm-cache/@rollup/rollup-win32-ia32-msvc/-/rollup-win32-ia32-msvc-4.62.0.tgz", { "os": "win32", "cpu": "ia32" }, "sha512-yYkWHhmbhRTWTnWos5HC4GcPQfjlzzCNbM9e/+GXrLuaBXYA3qSDR9f0Vgufd5S8yX81U8jPKp7ZnAjZFMtRnw=="],

    "@rollup/rollup-win32-x64-gnu": ["@rollup/rollup-win32-x64-gnu@4.62.0", "https://europe-west4-npm.pkg.dev/lovable-core-prod/sandbox-npm-cache/@rollup/rollup-win32-x64-gnu/-/rollup-win32-x64-gnu-4.62.0.tgz", { "os": "win32", "cpu": "x64" }, "sha512-SoTb6lPg25xZlA2ibwQ++ahCCnH+FP0qmEuafMJ4gznZKOlXioKEAeJLgCrqjM98ACziXM9V1amFjICVL4IFoA=="],

    "@rollup/rollup-win32-x64-msvc": ["@rollup/rollup-win32-x64-msvc@4.60.3", "https://europe-west4-npm.pkg.dev/lovable-core-prod/sandbox-npm-cache/@rollup/rollup-win32-x64-msvc/-/rollup-win32-x64-msvc-4.60.3.tgz", { "os": "win32", "cpu": "x64" }, "sha512-hPt/bgL5cE+Qp+/TPHBqptcAgPzgj46mPcg/16zNUmbQk0j+mOEQV/+Lqu8QRtDV3Ek95Q6FeFITpuhl6OTsAA=="],

    "@tailwindcss/typography": ["@tailwindcss/typography@0.5.20", "https://europe-west4-npm.pkg.dev/lovable-core-prod/sandbox-npm-cache/@tailwindcss/typography/-/typography-0.5.20.tgz", { "peerDependencies": { "tailwindcss": ">=3.0.0 || >=4.0.0 || insiders" } }, ""],

    "@tailwindcss/vite": ["@tailwindcss/vite@4.3.1", "https://europe-west4-npm.pkg.dev/lovable-core-prod/sandbox-npm-cache/@tailwindcss/vite/-/vite-4.3.1.tgz", { "dependencies": { "tailwindcss": "4.3.1" }, "peerDependencies": { "vite": "^5.2.0 || ^6 || ^7 || ^8" } }, ""],

    "@tanstack/react-query": ["@tanstack/react-query@5.101.0", "https://europe-west4-npm.pkg.dev/lovable-core-prod/sandbox-npm-cache/@tanstack/react-query/-/react-query-5.101.0.tgz", { "peerDependencies": { "react": "^18 || ^19" } }, ""],

    "@types/estree": ["@types/estree@1.0.9", "https://europe-west4-npm.pkg.dev/lovable-core-prod/sandbox-npm-cache/@types/estree/-/estree-1.0.9.tgz", {}, "sha512-GhdPgy1el4/ImP05X05Uw4cw2/M93BCUmnEvWZNStlCzEKME4Fkk+YpoA5OiHNQmoS7Cafb8Xa3Pya8m1Qrzeg=="],

    "@types/node": ["@types/node@22.19.21", "https://europe-west4-npm.pkg.dev/lovable-core-prod/sandbox-npm-cache/@types/node/-/node-22.19.21.tgz", {}, ""],

    "@types/react": ["@types/react@19.2.17", "https://europe-west4-npm.pkg.dev/lovable-core-prod/sandbox-npm-cache/@types/react/-/react-19.2.17.tgz", {}, ""],

    "@types/react-dom": ["@types/react-dom@19.2.3", "https://europe-west4-npm.pkg.dev/lovable-core-prod/sandbox-npm-cache/@types/react-dom/-/react-dom-19.2.3.tgz", { "peerDependencies": { "@types/react": "^19.2.0" } }, ""],

    "@vitejs/plugin-react": ["@vitejs/plugin-react@5.2.0", "https://europe-west4-npm.pkg.dev/lovable-core-prod/sandbox-npm-cache/@vitejs/plugin-react/-/plugin-react-5.2.0.tgz", { "peerDependencies": { "vite": "^4.2.0 || ^5.0.0 || ^6.0.0 || ^7.0.0 || ^8.0.0" } }, ""],

    "class-variance-authority": ["class-variance-authority@0.7.1", "https://europe-west4-npm.pkg.dev/lovable-core-prod/sandbox-npm-cache/class-variance-authority/-/class-variance-authority-0.7.1.tgz", { "dependencies": { "clsx": "^2.1.1" } }, ""],

    "clsx": ["clsx@2.1.1", "https://europe-west4-npm.pkg.dev/lovable-core-prod/sandbox-npm-cache/clsx/-/clsx-2.1.1.tgz", {}, ""],

    "cmdk": ["cmdk@1.1.1", "https://europe-west4-npm.pkg.dev/lovable-core-prod/sandbox-npm-cache/cmdk/-/cmdk-1.1.1.tgz", { "dependencies": { "@radix-ui/react-dialog": "^1.1.6" }, "peerDependencies": { "react": "^18 || ^19 || ^19.0.0-rc", "react-dom": "^18 || ^19 || ^19.0.0-rc" } }, ""],

    "date-fns": ["date-fns@3.6.0", "https://europe-west4-npm.pkg.dev/lovable-core-prod/sandbox-npm-cache/date-fns/-/date-fns-3.6.0.tgz", {}, ""],

    "embla-carousel-react": ["embla-carousel-react@8.6.0", "https://europe-west4-npm.pkg.dev/lovable-core-prod/sandbox-npm-cache/embla-carousel-react/-/embla-carousel-react-8.6.0.tgz", { "peerDependencies": { "react": "^16.8.0 || ^17.0.1 || ^18.0.0 || ^19.0.0 || ^19.0.0-rc" } }, ""],

    "framer-motion": ["framer-motion@12.40.0", "https://europe-west4-npm.pkg.dev/lovable-core-prod/sandbox-npm-cache/framer-motion/-/framer-motion-12.40.0.tgz", { "peerDependencies": { "@emotion/is-prop-valid": "*", "react": "^18.0.0 || ^19.0.0", "react-dom": "^18.0.0 || ^19.0.0" }, "optionalPeers": ["@emotion/is-prop-valid"] }, ""],

    "fsevents": ["fsevents@2.3.3", "https://europe-west4-npm.pkg.dev/lovable-core-prod/sandbox-npm-cache/fsevents/-/fsevents-2.3.3.tgz", { "os": "darwin" }, "sha512-5xoDfX+fL7faATnagmWPpbFtwh/R77WmMMqqHGS65C3vvB0YHrgF+B1YmZ3441tMj5n63k0212XNoJwzlhffQw=="],

    "input-otp": ["input-otp@1.4.2", "https://europe-west4-npm.pkg.dev/lovable-core-prod/sandbox-npm-cache/input-otp/-/input-otp-1.4.2.tgz", { "peerDependencies": { "react": "^16.8 || ^17.0 || ^18.0 || ^19.0.0 || ^19.0.0-rc", "react-dom": "^16.8 || ^17.0 || ^18.0 || ^19.0.0 || ^19.0.0-rc" } }, ""],

    "lucide-react": ["lucide-react@0.545.0", "https://europe-west4-npm.pkg.dev/lovable-core-prod/sandbox-npm-cache/lucide-react/-/lucide-react-0.545.0.tgz", { "peerDependencies": { "react": "^16.5.1 || ^17.0.0 || ^18.0.0 || ^19.0.0" } }, ""],

    "next-themes": ["next-themes@0.4.6", "https://europe-west4-npm.pkg.dev/lovable-core-prod/sandbox-npm-cache/next-themes/-/next-themes-0.4.6.tgz", { "peerDependencies": { "react": "^16.8 || ^17 || ^18 || ^19 || ^19.0.0-rc", "react-dom": "^16.8 || ^17 || ^18 || ^19 || ^19.0.0-rc" } }, ""],

    "react": ["react@19.2.7", "https://europe-west4-npm.pkg.dev/lovable-core-prod/sandbox-npm-cache/react/-/react-19.2.7.tgz", {}, ""],

    "react-day-picker": ["react-day-picker@9.14.0", "https://europe-west4-npm.pkg.dev/lovable-core-prod/sandbox-npm-cache/react-day-picker/-/react-day-picker-9.14.0.tgz", { "dependencies": { "date-fns": "^4.1.0" }, "peerDependencies": { "react": ">=16.8.0" } }, ""],

    "react-dom": ["react-dom@19.2.7", "https://europe-west4-npm.pkg.dev/lovable-core-prod/sandbox-npm-cache/react-dom/-/react-dom-19.2.7.tgz", { "peerDependencies": { "react": "^19.2.7" } }, ""],

    "react-hook-form": ["react-hook-form@7.79.0", "https://europe-west4-npm.pkg.dev/lovable-core-prod/sandbox-npm-cache/react-hook-form/-/react-hook-form-7.79.0.tgz", { "peerDependencies": { "react": "^16.8.0 || ^17 || ^18 || ^19" } }, ""],

    "react-icons": ["react-icons@5.6.0", "https://europe-west4-npm.pkg.dev/lovable-core-prod/sandbox-npm-cache/react-icons/-/react-icons-5.6.0.tgz", { "peerDependencies": { "react": "*" } }, ""],

    "react-resizable-panels": ["react-resizable-panels@2.1.9", "https://europe-west4-npm.pkg.dev/lovable-core-prod/sandbox-npm-cache/react-resizable-panels/-/react-resizable-panels-2.1.9.tgz", { "peerDependencies": { "react": "^16.14.0 || ^17.0.0 || ^18.0.0 || ^19.0.0 || ^19.0.0-rc", "react-dom": "^16.14.0 || ^17.0.0 || ^18.0.0 || ^19.0.0 || ^19.0.0-rc" } }, ""],

    "recharts": ["recharts@2.15.4", "https://europe-west4-npm.pkg.dev/lovable-core-prod/sandbox-npm-cache/recharts/-/recharts-2.15.4.tgz", { "dependencies": { "clsx": "^2.0.0" }, "peerDependencies": { "react": "^16.0.0 || ^17.0.0 || ^18.0.0 || ^19.0.0", "react-dom": "^16.0.0 || ^17.0.0 || ^18.0.0 || ^19.0.0" } }, ""],

    "rollup": ["rollup@4.62.0", "https://europe-west4-npm.pkg.dev/lovable-core-prod/sandbox-npm-cache/rollup/-/rollup-4.62.0.tgz", { "dependencies": { "@types/estree": "1.0.9" }, "optionalDependencies": { "@rollup/rollup-android-arm-eabi": "4.62.0", "@rollup/rollup-android-arm64": "4.62.0", "@rollup/rollup-darwin-arm64": "4.62.0", "@rollup/rollup-darwin-x64": "4.62.0", "@rollup/rollup-freebsd-arm64": "4.62.0", "@rollup/rollup-freebsd-x64": "4.62.0", "@rollup/rollup-linux-arm-gnueabihf": "4.62.0", "@rollup/rollup-linux-arm-musleabihf": "4.62.0", "@rollup/rollup-linux-arm64-gnu": "4.62.0", "@rollup/rollup-linux-arm64-musl": "4.62.0", "@rollup/rollup-linux-loong64-gnu": "4.62.0", "@rollup/rollup-linux-loong64-musl": "4.62.0", "@rollup/rollup-linux-ppc64-gnu": "4.62.0", "@rollup/rollup-linux-ppc64-musl": "4.62.0", "@rollup/rollup-linux-riscv64-gnu": "4.62.0", "@rollup/rollup-linux-riscv64-musl": "4.62.0", "@rollup/rollup-linux-s390x-gnu": "4.62.0", "@rollup/rollup-linux-x64-gnu": "4.62.0", "@rollup/rollup-linux-x64-musl": "4.62.0", "@rollup/rollup-openbsd-x64": "4.62.0", "@rollup/rollup-openharmony-arm64": "4.62.0", "@rollup/rollup-win32-arm64-msvc": "4.62.0", "@rollup/rollup-win32-ia32-msvc": "4.62.0", "@rollup/rollup-win32-x64-gnu": "4.62.0", "@rollup/rollup-win32-x64-msvc": "4.62.0", "fsevents": "~2.3.2" }, "bin": { "rollup": "dist/bin/rollup" } }, "sha512-nc72Wgq62I7rtDV4izT5/aaS0zxy3kttkinf9586ApknY3jZO9NYsmtc24fUckA0X7Q2v+ML4a15pdUlV5V/jA=="],

    "sonner": ["sonner@2.0.7", "https://europe-west4-npm.pkg.dev/lovable-core-prod/sandbox-npm-cache/sonner/-/sonner-2.0.7.tgz", { "peerDependencies": { "react": "^18.0.0 || ^19.0.0 || ^19.0.0-rc", "react-dom": "^18.0.0 || ^19.0.0 || ^19.0.0-rc" } }, ""],

    "tailwind-merge": ["tailwind-merge@3.6.0", "https://europe-west4-npm.pkg.dev/lovable-core-prod/sandbox-npm-cache/tailwind-merge/-/tailwind-merge-3.6.0.tgz", {}, ""],

    "tailwindcss": ["tailwindcss@4.3.1", "https://europe-west4-npm.pkg.dev/lovable-core-prod/sandbox-npm-cache/tailwindcss/-/tailwindcss-4.3.1.tgz", {}, ""],

    "tw-animate-css": ["tw-animate-css@1.4.0", "https://europe-west4-npm.pkg.dev/lovable-core-prod/sandbox-npm-cache/tw-animate-css/-/tw-animate-css-1.4.0.tgz", {}, ""],

    "typescript": ["typescript@5.9.3", "https://europe-west4-npm.pkg.dev/lovable-core-prod/sandbox-npm-cache/typescript/-/typescript-5.9.3.tgz", { "bin": { "tsc": "./bin/tsc", "tsserver": "./bin/tsserver" } }, ""],

    "vaul": ["vaul@1.1.2", "https://europe-west4-npm.pkg.dev/lovable-core-prod/sandbox-npm-cache/vaul/-/vaul-1.1.2.tgz", { "dependencies": { "@radix-ui/react-dialog": "^1.1.1" }, "peerDependencies": { "react": "^16.8 || ^17.0 || ^18.0 || ^19.0.0 || ^19.0.0-rc", "react-dom": "^16.8 || ^17.0 || ^18.0 || ^19.0.0 || ^19.0.0-rc" } }, ""],

    "vite": ["vite@7.3.5", "https://europe-west4-npm.pkg.dev/lovable-core-prod/sandbox-npm-cache/vite/-/vite-7.3.5.tgz", { "peerDependencies": { "@types/node": "^20.19.0 || >=22.12.0", "jiti": ">=1.21.0", "less": "^4.0.0", "lightningcss": "^1.21.0", "sass": "^1.70.0", "sass-embedded": "^1.70.0", "stylus": ">=0.54.8", "sugarss": "^5.0.0", "terser": "^5.16.0", "tsx": "^4.8.1", "yaml": "^2.4.2" }, "optionalPeers": ["jiti", "less", "lightningcss", "sass", "sass-embedded", "stylus", "sugarss", "terser", "tsx", "yaml"], "bin": "bin/vite.js" }, ""],

    "wouter": ["wouter@3.10.0", "https://europe-west4-npm.pkg.dev/lovable-core-prod/sandbox-npm-cache/wouter/-/wouter-3.10.0.tgz", { "peerDependencies": { "react": ">=16.8.0" } }, ""],

    "zod": ["zod@3.25.76", "https://europe-west4-npm.pkg.dev/lovable-core-prod/sandbox-npm-cache/zod/-/zod-3.25.76.tgz", {}, ""],

    "rollup/@rollup/rollup-darwin-arm64": ["@rollup/rollup-darwin-arm64@4.62.0", "https://europe-west4-npm.pkg.dev/lovable-core-prod/sandbox-npm-cache/@rollup/rollup-darwin-arm64/-/rollup-darwin-arm64-4.62.0.tgz", { "os": "darwin", "cpu": "arm64" }, "sha512-BqCoMoIbn0keKys+dEAdBa70EtOwV1bEsQCUgU9FdiZmmMge/Zk7LlkYGqbrdHR+Frnt0E1FOanly+rlwvvQzw=="],

    "rollup/@rollup/rollup-darwin-x64": ["@rollup/rollup-darwin-x64@4.62.0", "https://europe-west4-npm.pkg.dev/lovable-core-prod/sandbox-npm-cache/@rollup/rollup-darwin-x64/-/rollup-darwin-x64-4.62.0.tgz", { "os": "darwin", "cpu": "x64" }, "sha512-SIMzST3VFNXDAbeIWDWiFCNM5qncUBDWaEV7NfE7oZbDt2mgfW4MvbKdbYiGOLoM32gbTv608UMd0XktEYSD7w=="],

    "rollup/@rollup/rollup-linux-arm64-gnu": ["@rollup/rollup-linux-arm64-gnu@4.62.0", "https://europe-west4-npm.pkg.dev/lovable-core-prod/sandbox-npm-cache/@rollup/rollup-linux-arm64-gnu/-/rollup-linux-arm64-gnu-4.62.0.tgz", { "os": "linux", "cpu": "arm64" }, "sha512-bVURMg+6eNN9C/yc0aVjooZcwTTtYF4YW3xta5pP0//r3o1V8gXEHXWCndj47w/HhwsFroZrFhR+6uQP5T0n0g=="],

    "rollup/@rollup/rollup-linux-x64-gnu": ["@rollup/rollup-linux-x64-gnu@4.62.0", "https://europe-west4-npm.pkg.dev/lovable-core-prod/sandbox-npm-cache/@rollup/rollup-linux-x64-gnu/-/rollup-linux-x64-gnu-4.62.0.tgz", { "os": "linux", "cpu": "x64" }, "sha512-7SDIalKeIpG0Ifogbbdn58HmSotYMlf23K3dCJEmiVd9Fg36Vmni82iPQec27N3wY4Bvbxftkxz6vSx9OcouTg=="],

    "rollup/@rollup/rollup-linux-x64-musl": ["@rollup/rollup-linux-x64-musl@4.62.0", "https://europe-west4-npm.pkg.dev/lovable-core-prod/sandbox-npm-cache/@rollup/rollup-linux-x64-musl/-/rollup-linux-x64-musl-4.62.0.tgz", { "os": "linux", "cpu": "x64" }, "sha512-eRZevouTH2i1HeAVLqJuLnt256krQkGY0TN6WsTmsIhuzbh457HuWDMakKwmi0Cjadux983CoSr8Lim2QhUIFw=="],

    "rollup/@rollup/rollup-win32-x64-msvc": ["@rollup/rollup-win32-x64-msvc@4.62.0", "https://europe-west4-npm.pkg.dev/lovable-core-prod/sandbox-npm-cache/@rollup/rollup-win32-x64-msvc/-/rollup-win32-x64-msvc-4.62.0.tgz", { "os": "win32", "cpu": "x64" }, "sha512-5L+T1fMX4RIEBoZzT0+sQ0PhTS36NULFmMXtl1TZo44TMAROIMHbZufSOjVWt/Y622BtxgxtaNOokbTDvfsrZA=="],
  }
}
